// !$*UTF8*$!
{
	archiveVersion = 1;
	classes = {
	};
	objectVersion = 46;
	objects = {

/* Begin PBXBuildFile section */
		5669F3291B7F4B3400F75D40 /* AppDelegate.swift in Sources */ = {isa = PBXBuildFile; fileRef = 5669F3281B7F4B3400F75D40 /* AppDelegate.swift */; };
		5669F32C1B7F4B3400F75D40 /* On_The_Map.xcdatamodeld in Sources */ = {isa = PBXBuildFile; fileRef = 5669F32A1B7F4B3400F75D40 /* On_The_Map.xcdatamodeld */; };
		5669F3311B7F4B3400F75D40 /* Main.storyboard in Resources */ = {isa = PBXBuildFile; fileRef = 5669F32F1B7F4B3400F75D40 /* Main.storyboard */; };
		5669F3331B7F4B3400F75D40 /* Images.xcassets in Resources */ = {isa = PBXBuildFile; fileRef = 5669F3321B7F4B3400F75D40 /* Images.xcassets */; };
		5669F3361B7F4B3400F75D40 /* LaunchScreen.xib in Resources */ = {isa = PBXBuildFile; fileRef = 5669F3341B7F4B3400F75D40 /* LaunchScreen.xib */; };
		5669F3421B7F4B3400F75D40 /* On_The_MapTests.swift in Sources */ = {isa = PBXBuildFile; fileRef = 5669F3411B7F4B3400F75D40 /* On_The_MapTests.swift */; };
		5669F34D1B7F4FF200F75D40 /* LoginViewController.swift in Sources */ = {isa = PBXBuildFile; fileRef = 5669F34C1B7F4FF200F75D40 /* LoginViewController.swift */; };
		5669F34F1B7F50AA00F75D40 /* OnTheMapViewController.swift in Sources */ = {isa = PBXBuildFile; fileRef = 5669F34E1B7F50AA00F75D40 /* OnTheMapViewController.swift */; };
		5669F3511B7F530000F75D40 /* PeopleListViewController.swift in Sources */ = {isa = PBXBuildFile; fileRef = 5669F3501B7F530000F75D40 /* PeopleListViewController.swift */; };
		5669F3531B7F55A000F75D40 /* TabBarViewController.swift in Sources */ = {isa = PBXBuildFile; fileRef = 5669F3521B7F55A000F75D40 /* TabBarViewController.swift */; };
		567F7E391B887AAF0004D7BA /* APIViewController.swift in Sources */ = {isa = PBXBuildFile; fileRef = 567F7E381B887AAF0004D7BA /* APIViewController.swift */; };
		567F7E3B1B887ADE0004D7BA /* ApiKey.plist in Resources */ = {isa = PBXBuildFile; fileRef = 567F7E3A1B887ADE0004D7BA /* ApiKey.plist */; };
		567F7E3D1B8894A90004D7BA /* BaseViewController.swift in Sources */ = {isa = PBXBuildFile; fileRef = 567F7E3C1B8894A90004D7BA /* BaseViewController.swift */; };
/* End PBXBuildFile section */

/* Begin PBXContainerItemProxy section */
		5669F33C1B7F4B3400F75D40 /* PBXContainerItemProxy */ = {
			isa = PBXContainerItemProxy;
			containerPortal = 5669F31B1B7F4B3400F75D40 /* Project object */;
			proxyType = 1;
			remoteGlobalIDString = 5669F3221B7F4B3400F75D40;
			remoteInfo = "On The Map";
		};
/* End PBXContainerItemProxy section */

/* Begin PBXFileReference section */
		5669F3231B7F4B3400F75D40 /* On The Map.app */ = {isa = PBXFileReference; explicitFileType = wrapper.application; includeInIndex = 0; path = "On The Map.app"; sourceTree = BUILT_PRODUCTS_DIR; };
		5669F3271B7F4B3400F75D40 /* Info.plist */ = {isa = PBXFileReference; lastKnownFileType = text.plist.xml; path = Info.plist; sourceTree = "<group>"; };
		5669F3281B7F4B3400F75D40 /* AppDelegate.swift */ = {isa = PBXFileReference; lastKnownFileType = sourcecode.swift; path = AppDelegate.swift; sourceTree = "<group>"; };
		5669F32B1B7F4B3400F75D40 /* On_The_Map.xcdatamodel */ = {isa = PBXFileReference; lastKnownFileType = wrapper.xcdatamodel; path = On_The_Map.xcdatamodel; sourceTree = "<group>"; };
		5669F3301B7F4B3400F75D40 /* Base */ = {isa = PBXFileReference; lastKnownFileType = file.storyboard; name = Base; path = Base.lproj/Main.storyboard; sourceTree = "<group>"; };
		5669F3321B7F4B3400F75D40 /* Images.xcassets */ = {isa = PBXFileReference; lastKnownFileType = folder.assetcatalog; path = Images.xcassets; sourceTree = "<group>"; };
		5669F3351B7F4B3400F75D40 /* Base */ = {isa = PBXFileReference; lastKnownFileType = file.xib; name = Base; path = Base.lproj/LaunchScreen.xib; sourceTree = "<group>"; };
		5669F33B1B7F4B3400F75D40 /* On The MapTests.xctest */ = {isa = PBXFileReference; explicitFileType = wrapper.cfbundle; includeInIndex = 0; path = "On The MapTests.xctest"; sourceTree = BUILT_PRODUCTS_DIR; };
		5669F3401B7F4B3400F75D40 /* Info.plist */ = {isa = PBXFileReference; lastKnownFileType = text.plist.xml; path = Info.plist; sourceTree = "<group>"; };
		5669F3411B7F4B3400F75D40 /* On_The_MapTests.swift */ = {isa = PBXFileReference; lastKnownFileType = sourcecode.swift; path = On_The_MapTests.swift; sourceTree = "<group>"; };
		5669F34C1B7F4FF200F75D40 /* LoginViewController.swift */ = {isa = PBXFileReference; fileEncoding = 4; lastKnownFileType = sourcecode.swift; name = LoginViewController.swift; path = ViewController/LoginViewController.swift; sourceTree = "<group>"; };
		5669F34E1B7F50AA00F75D40 /* OnTheMapViewController.swift */ = {isa = PBXFileReference; fileEncoding = 4; lastKnownFileType = sourcecode.swift; name = OnTheMapViewController.swift; path = ViewController/OnTheMapViewController.swift; sourceTree = "<group>"; };
		5669F3501B7F530000F75D40 /* PeopleListViewController.swift */ = {isa = PBXFileReference; fileEncoding = 4; lastKnownFileType = sourcecode.swift; name = PeopleListViewController.swift; path = ViewController/PeopleListViewController.swift; sourceTree = "<group>"; };
		5669F3521B7F55A000F75D40 /* TabBarViewController.swift */ = {isa = PBXFileReference; fileEncoding = 4; lastKnownFileType = sourcecode.swift; name = TabBarViewController.swift; path = ViewController/TabBarViewController.swift; sourceTree = "<group>"; };
		567F7E381B887AAF0004D7BA /* APIViewController.swift */ = {isa = PBXFileReference; fileEncoding = 4; lastKnownFileType = sourcecode.swift; name = APIViewController.swift; path = ViewController/APIViewController.swift; sourceTree = "<group>"; };
		567F7E3A1B887ADE0004D7BA /* ApiKey.plist */ = {isa = PBXFileReference; fileEncoding = 4; lastKnownFileType = text.plist.xml; path = ApiKey.plist; sourceTree = "<group>"; };
		567F7E3C1B8894A90004D7BA /* BaseViewController.swift */ = {isa = PBXFileReference; fileEncoding = 4; lastKnownFileType = sourcecode.swift; name = BaseViewController.swift; path = ViewController/BaseViewController.swift; sourceTree = "<group>"; };
/* End PBXFileReference section */

/* Begin PBXFrameworksBuildPhase section */
		5669F3201B7F4B3400F75D40 /* Frameworks */ = {
			isa = PBXFrameworksBuildPhase;
			buildActionMask = 2147483647;
			files = (
			);
			runOnlyForDeploymentPostprocessing = 0;
		};
		5669F3381B7F4B3400F75D40 /* Frameworks */ = {
			isa = PBXFrameworksBuildPhase;
			buildActionMask = 2147483647;
			files = (
			);
			runOnlyForDeploymentPostprocessing = 0;
		};
/* End PBXFrameworksBuildPhase section */

/* Begin PBXGroup section */
		5669F31A1B7F4B3400F75D40 = {
			isa = PBXGroup;
			children = (
				5669F3251B7F4B3400F75D40 /* On The Map */,
				5669F33E1B7F4B3400F75D40 /* On The MapTests */,
				5669F3241B7F4B3400F75D40 /* Products */,
			);
			sourceTree = "<group>";
		};
		5669F3241B7F4B3400F75D40 /* Products */ = {
			isa = PBXGroup;
			children = (
				5669F3231B7F4B3400F75D40 /* On The Map.app */,
				5669F33B1B7F4B3400F75D40 /* On The MapTests.xctest */,
			);
			name = Products;
			sourceTree = "<group>";
		};
		5669F3251B7F4B3400F75D40 /* On The Map */ = {
			isa = PBXGroup;
			children = (
				5669F34B1B7F4FD100F75D40 /* ViewController */,
				5669F3281B7F4B3400F75D40 /* AppDelegate.swift */,
				5669F32F1B7F4B3400F75D40 /* Main.storyboard */,
				5669F3321B7F4B3400F75D40 /* Images.xcassets */,
				5669F3341B7F4B3400F75D40 /* LaunchScreen.xib */,
				5669F32A1B7F4B3400F75D40 /* On_The_Map.xcdatamodeld */,
				5669F3261B7F4B3400F75D40 /* Supporting Files */,
			);
			path = "On The Map";
			sourceTree = "<group>";
		};
		5669F3261B7F4B3400F75D40 /* Supporting Files */ = {
			isa = PBXGroup;
			children = (
				5669F3271B7F4B3400F75D40 /* Info.plist */,
				567F7E3A1B887ADE0004D7BA /* ApiKey.plist */,
			);
			name = "Supporting Files";
			sourceTree = "<group>";
		};
		5669F33E1B7F4B3400F75D40 /* On The MapTests */ = {
			isa = PBXGroup;
			children = (
				5669F3411B7F4B3400F75D40 /* On_The_MapTests.swift */,
				5669F33F1B7F4B3400F75D40 /* Supporting Files */,
			);
			path = "On The MapTests";
			sourceTree = "<group>";
		};
		5669F33F1B7F4B3400F75D40 /* Supporting Files */ = {
			isa = PBXGroup;
			children = (
				5669F3401B7F4B3400F75D40 /* Info.plist */,
			);
			name = "Supporting Files";
			sourceTree = "<group>";
		};
		5669F34B1B7F4FD100F75D40 /* ViewController */ = {
			isa = PBXGroup;
			children = (
				5669F34C1B7F4FF200F75D40 /* LoginViewController.swift */,
				5669F34E1B7F50AA00F75D40 /* OnTheMapViewController.swift */,
				5669F3501B7F530000F75D40 /* PeopleListViewController.swift */,
				5669F3521B7F55A000F75D40 /* TabBarViewController.swift */,
				567F7E381B887AAF0004D7BA /* APIViewController.swift */,
				567F7E3C1B8894A90004D7BA /* BaseViewController.swift */,
			);
			name = ViewController;
			sourceTree = "<group>";
		};
/* End PBXGroup section */

/* Begin PBXNativeTarget section */
		5669F3221B7F4B3400F75D40 /* On The Map */ = {
			isa = PBXNativeTarget;
			buildConfigurationList = 5669F3451B7F4B3400F75D40 /* Build configuration list for PBXNativeTarget "On The Map" */;
			buildPhases = (
				5669F31F1B7F4B3400F75D40 /* Sources */,
				5669F3201B7F4B3400F75D40 /* Frameworks */,
				5669F3211B7F4B3400F75D40 /* Resources */,
			);
			buildRules = (
			);
			dependencies = (
			);
			name = "On The Map";
			productName = "On The Map";
			productReference = 5669F3231B7F4B3400F75D40 /* On The Map.app */;
			productType = "com.apple.product-type.application";
		};
		5669F33A1B7F4B3400F75D40 /* On The MapTests */ = {
			isa = PBXNativeTarget;
			buildConfigurationList = 5669F3481B7F4B3400F75D40 /* Build configuration list for PBXNativeTarget "On The MapTests" */;
			buildPhases = (
				5669F3371B7F4B3400F75D40 /* Sources */,
				5669F3381B7F4B3400F75D40 /* Frameworks */,
				5669F3391B7F4B3400F75D40 /* Resources */,
			);
			buildRules = (
			);
			dependencies = (
				5669F33D1B7F4B3400F75D40 /* PBXTargetDependency */,
			);
			name = "On The MapTests";
			productName = "On The MapTests";
			productReference = 5669F33B1B7F4B3400F75D40 /* On The MapTests.xctest */;
			productType = "com.apple.product-type.bundle.unit-test";
		};
/* End PBXNativeTarget section */

/* Begin PBXProject section */
		5669F31B1B7F4B3400F75D40 /* Project object */ = {
			isa = PBXProject;
			attributes = {
				LastUpgradeCheck = 0640;
				ORGANIZATIONNAME = "Quintin Balsdon";
				TargetAttributes = {
					5669F3221B7F4B3400F75D40 = {
						CreatedOnToolsVersion = 6.4;
						DevelopmentTeam = GTMDCB3F3C;
					};
					5669F33A1B7F4B3400F75D40 = {
						CreatedOnToolsVersion = 6.4;
						TestTargetID = 5669F3221B7F4B3400F75D40;
					};
				};
			};
			buildConfigurationList = 5669F31E1B7F4B3400F75D40 /* Build configuration list for PBXProject "On The Map" */;
			compatibilityVersion = "Xcode 3.2";
			developmentRegion = English;
			hasScannedForEncodings = 0;
			knownRegions = (
				en,
				Base,
			);
			mainGroup = 5669F31A1B7F4B3400F75D40;
			productRefGroup = 5669F3241B7F4B3400F75D40 /* Products */;
			projectDirPath = "";
			projectRoot = "";
			targets = (
				5669F3221B7F4B3400F75D40 /* On The Map */,
				5669F33A1B7F4B3400F75D40 /* On The MapTests */,
			);
		};
/* End PBXProject section */

/* Begin PBXResourcesBuildPhase section */
		5669F3211B7F4B3400F75D40 /* Resources */ = {
			isa = PBXResourcesBuildPhase;
			buildActionMask = 2147483647;
			files = (
				5669F3311B7F4B3400F75D40 /* Main.storyboard in Resources */,
				567F7E3B1B887ADE0004D7BA /* ApiKey.plist in Resources */,
				5669F3361B7F4B3400F75D40 /* LaunchScreen.xib in Resources */,
				5669F3331B7F4B3400F75D40 /* Images.xcassets in Resources */,
			);
			runOnlyForDeploymentPostprocessing = 0;
		};
		5669F3391B7F4B3400F75D40 /* Resources */ = {
			isa = PBXResourcesBuildPhase;
			buildActionMask = 2147483647;
			files = (
			);
			runOnlyForDeploymentPostprocessing = 0;
		};
/* End PBXResourcesBuildPhase section */

/* Begin PBXSourcesBuildPhase section */
		5669F31F1B7F4B3400F75D40 /* Sources */ = {
			isa = PBXSourcesBuildPhase;
			buildActionMask = 2147483647;
			files = (
				567F7E391B887AAF0004D7BA /* APIViewController.swift in Sources */,
				5669F3511B7F530000F75D40 /* PeopleListViewController.swift in Sources */,
				5669F34D1B7F4FF200F75D40 /* LoginViewController.swift in Sources */,
				5669F3291B7F4B3400F75D40 /* AppDelegate.swift in Sources */,
				5669F34F1B7F50AA00F75D40 /* OnTheMapViewController.swift in Sources */,
				567F7E3D1B8894A90004D7BA /* BaseViewController.swift in Sources */,
				5669F3531B7F55A000F75D40 /* TabBarViewController.swift in Sources */,
				5669F32C1B7F4B3400F75D40 /* On_The_Map.xcdatamodeld in Sources */,
			);
			runOnlyForDeploymentPostprocessing = 0;
		};
		5669F3371B7F4B3400F75D40 /* Sources */ = {
			isa = PBXSourcesBuildPhase;
			buildActionMask = 2147483647;
			files = (
				5669F3421B7F4B3400F75D40 /* On_The_MapTests.swift in Sources */,
			);
			runOnlyForDeploymentPostprocessing = 0;
		};
/* End PBXSourcesBuildPhase section */

/* Begin PBXTargetDependency section */
		5669F33D1B7F4B3400F75D40 /* PBXTargetDependency */ = {
			isa = PBXTargetDependency;
			target = 5669F3221B7F4B3400F75D40 /* On The Map */;
			targetProxy = 5669F33C1B7F4B3400F75D40 /* PBXContainerItemProxy */;
		};
/* End PBXTargetDependency section */

/* Begin PBXVariantGroup section */
		5669F32F1B7F4B3400F75D40 /* Main.storyboard */ = {
			isa = PBXVariantGroup;
			children = (
				5669F3301B7F4B3400F75D40 /* Base */,
			);
			name = Main.storyboard;
			sourceTree = "<group>";
		};
		5669F3341B7F4B3400F75D40 /* LaunchScreen.xib */ = {
			isa = PBXVariantGroup;
			children = (
				5669F3351B7F4B3400F75D40 /* Base */,
			);
			name = LaunchScreen.xib;
			sourceTree = "<group>";
		};
/* End PBXVariantGroup section */

/* Begin XCBuildConfiguration section */
		5669F3431B7F4B3400F75D40 /* Debug */ = {
			isa = XCBuildConfiguration;
			buildSettings = {
				ALWAYS_SEARCH_USER_PATHS = NO;
				CLANG_CXX_LANGUAGE_STANDARD = "gnu++0x";
				CLANG_CXX_LIBRARY = "libc++";
				CLANG_ENABLE_MODULES = YES;
				CLANG_ENABLE_OBJC_ARC = YES;
				CLANG_WARN_BOOL_CONVERSION = YES;
				CLANG_WARN_CONSTANT_CONVERSION = YES;
				CLANG_WARN_DIRECT_OBJC_ISA_USAGE = YES_ERROR;
				CLANG_WARN_EMPTY_BODY = YES;
				CLANG_WARN_ENUM_CONVERSION = YES;
				CLANG_WARN_INT_CONVERSION = YES;
				CLANG_WARN_OBJC_ROOT_CLASS = YES_ERROR;
				CLANG_WARN_UNREACHABLE_CODE = YES;
				CLANG_WARN__DUPLICATE_METHOD_MATCH = YES;
				"CODE_SIGN_IDENTITY[sdk=iphoneos*]" = "iPhone Developer";
				COPY_PHASE_STRIP = NO;
				DEBUG_INFORMATION_FORMAT = "dwarf-with-dsym";
				ENABLE_STRICT_OBJC_MSGSEND = YES;
				GCC_C_LANGUAGE_STANDARD = gnu99;
				GCC_DYNAMIC_NO_PIC = NO;
				GCC_NO_COMMON_BLOCKS = YES;
				GCC_OPTIMIZATION_LEVEL = 0;
				GCC_PREPROCESSOR_DEFINITIONS = (
					"DEBUG=1",
					"$(inherited)",
				);
				GCC_SYMBOLS_PRIVATE_EXTERN = NO;
				GCC_WARN_64_TO_32_BIT_CONVERSION = YES;
				GCC_WARN_ABOUT_RETURN_TYPE = YES_ERROR;
				GCC_WARN_UNDECLARED_SELECTOR = YES;
				GCC_WARN_UNINITIALIZED_AUTOS = YES_AGGRESSIVE;
				GCC_WARN_UNUSED_FUNCTION = YES;
				GCC_WARN_UNUSED_VARIABLE = YES;
				IPHONEOS_DEPLOYMENT_TARGET = 8.4;
				MTL_ENABLE_DEBUG_INFO = YES;
				ONLY_ACTIVE_ARCH = YES;
				SDKROOT = iphoneos;
				SWIFT_OPTIMIZATION_LEVEL = "-Onone";
			};
			name = Debug;
		};
		5669F3441B7F4B3400F75D40 /* Release */ = {
			isa = XCBuildConfiguration;
			buildSettings = {
				ALWAYS_SEARCH_USER_PATHS = NO;
				CLANG_CXX_LANGUAGE_STANDARD = "gnu++0x";
				CLANG_CXX_LIBRARY = "libc++";
				CLANG_ENABLE_MODULES = YES;
				CLANG_ENABLE_OBJC_ARC = YES;
				CLANG_WARN_BOOL_CONVERSION = YES;
				CLANG_WARN_CONSTANT_CONVERSION = YES;
				CLANG_WARN_DIRECT_OBJC_ISA_USAGE = YES_ERROR;
				CLANG_WARN_EMPTY_BODY = YES;
				CLANG_WARN_ENUM_CONVERSION = YES;
				CLANG_WARN_INT_CONVERSION = YES;
				CLANG_WARN_OBJC_ROOT_CLASS = YES_ERROR;
				CLANG_WARN_UNREACHABLE_CODE = YES;
				CLANG_WARN__DUPLICATE_METHOD_MATCH = YES;
				"CODE_SIGN_IDENTITY[sdk=iphoneos*]" = "iPhone Developer";
				COPY_PHASE_STRIP = NO;
				DEBUG_INFORMATION_FORMAT = "dwarf-with-dsym";
				ENABLE_NS_ASSERTIONS = NO;
				ENABLE_STRICT_OBJC_MSGSEND = YES;
				GCC_C_LANGUAGE_STANDARD = gnu99;
				GCC_NO_COMMON_BLOCKS = YES;
				GCC_WARN_64_TO_32_BIT_CONVERSION = YES;
				GCC_WARN_ABOUT_RETURN_TYPE = YES_ERROR;
				GCC_WARN_UNDECLARED_SELECTOR = YES;
				GCC_WARN_UNINITIALIZED_AUTOS = YES_AGGRESSIVE;
				GCC_WARN_UNUSED_FUNCTION = YES;
				GCC_WARN_UNUSED_VARIABLE = YES;
				IPHONEOS_DEPLOYMENT_TARGET = 8.4;
				MTL_ENABLE_DEBUG_INFO = NO;
				SDKROOT = iphoneos;
				VALIDATE_PRODUCT = YES;
			};
			name = Release;
		};
		5669F3461B7F4B3400F75D40 /* Debug */ = {
			isa = XCBuildConfiguration;
			buildSettings = {
				ASSETCATALOG_COMPILER_APPICON_NAME = AppIcon;
				CODE_SIGN_IDENTITY = "iPhone Developer";
				INFOPLIST_FILE = "On The Map/Info.plist";
				LD_RUNPATH_SEARCH_PATHS = "$(inherited) @executable_path/Frameworks";
				PRODUCT_NAME = "$(TARGET_NAME)";
			};
			name = Debug;
		};
		5669F3471B7F4B3400F75D40 /* Release */ = {
			isa = XCBuildConfiguration;
			buildSettings = {
				ASSETCATALOG_COMPILER_APPICON_NAME = AppIcon;
				CODE_SIGN_IDENTITY = "iPhone Developer";
				INFOPLIST_FILE = "On The Map/Info.plist";
				LD_RUNPATH_SEARCH_PATHS = "$(inherited) @executable_path/Frameworks";
				PRODUCT_NAME = "$(TARGET_NAME)";
			};
			name = Release;
		};
		5669F3491B7F4B3400F75D40 /* Debug */ = {
			isa = XCBuildConfiguration;
			buildSettings = {
				BUNDLE_LOADER = "$(TEST_HOST)";
				FRAMEWORK_SEARCH_PATHS = (
					"$(SDKROOT)/Developer/Library/Frameworks",
					"$(inherited)",
				);
				GCC_PREPROCESSOR_DEFINITIONS = (
					"DEBUG=1",
					"$(inherited)",
				);
				INFOPLIST_FILE = "On The MapTests/Info.plist";
				LD_RUNPATH_SEARCH_PATHS = "$(inherited) @executable_path/Frameworks @loader_path/Frameworks";
				PRODUCT_NAME = "$(TARGET_NAME)";
				TEST_HOST = "$(BUILT_PRODUCTS_DIR)/On The Map.app/On The Map";
			};
			name = Debug;
		};
		5669F34A1B7F4B3400F75D40 /* Release */ = {
			isa = XCBuildConfiguration;
			buildSettings = {
				BUNDLE_LOADER = "$(TEST_HOST)";
				FRAMEWORK_SEARCH_PATHS = (
					"$(SDKROOT)/Developer/Library/Frameworks",
					"$(inherited)",
				);
				INFOPLIST_FILE = "On The MapTests/Info.plist";
				LD_RUNPATH_SEARCH_PATHS = "$(inherited) @executable_path/Frameworks @loader_path/Frameworks";
				PRODUCT_NAME = "$(TARGET_NAME)";
				TEST_HOST = "$(BUILT_PRODUCTS_DIR)/On The Map.app/On The Map";
			};
			name = Release;
		};
/* End XCBuildConfiguration section */

/* Begin XCConfigurationList section */
		5669F31E1B7F4B3400F75D40 /* Build configuration list for PBXProject "On The Map" */ = {
			isa = XCConfigurationList;
			buildConfigurations = (
				5669F3431B7F4B3400F75D40 /* Debug */,
				5669F3441B7F4B3400F75D40 /* Release */,
			);
			defaultConfigurationIsVisible = 0;
			defaultConfigurationName = Release;
		};
		5669F3451B7F4B3400F75D40 /* Build configuration list for PBXNativeTarget "On The Map" */ = {
			isa = XCConfigurationList;
			buildConfigurations = (
				5669F3461B7F4B3400F75D40 /* Debug */,
				5669F3471B7F4B3400F75D40 /* Release */,
			);
			defaultConfigurationIsVisible = 0;
			defaultConfigurationName = Release;
		};
		5669F3481B7F4B3400F75D40 /* Build configuration list for PBXNativeTarget "On The MapTests" */ = {
			isa = XCConfigurationList;
			buildConfigurations = (
				5669F3491B7F4B3400F75D40 /* Debug */,
				5669F34A1B7F4B3400F75D40 /* Release */,
			);
			defaultConfigurationIsVisible = 0;
			defaultConfigurationName = Release;
		};
/* End XCConfigurationList section */

/* Begin XCVersionGroup section */
		5669F32A1B7F4B3400F75D40 /* On_The_Map.xcdatamodeld */ = {
			isa = XCVersionGroup;
			children = (
				5669F32B1B7F4B3400F75D40 /* On_The_Map.xcdatamodel */,
			);
			currentVersion = 5669F32B1B7F4B3400F75D40 /* On_The_Map.xcdatamodel */;
			path = On_The_Map.xcdatamodeld;
			sourceTree = "<group>";
			versionGroupType = wrapper.xcdatamodel;
		};
/* End XCVersionGroup section */
	};
	rootObject = 5669F31B1B7F4B3400F75D40 /* Project object */;
}
