// !$*UTF8*$!
{
	archiveVersion = 1;
	classes = {
	};
	objectVersion = 46;
	objects = {

/* Begin PBXBuildFile section */
		564864B01B8CAD7C00F5D111 /* Bolts.framework in Frameworks */ = {isa = PBXBuildFile; fileRef = 564864AD1B8CAD7C00F5D111 /* Bolts.framework */; };
		564864B11B8CAD7C00F5D111 /* FBSDKCoreKit.framework in Frameworks */ = {isa = PBXBuildFile; fileRef = 564864AE1B8CAD7C00F5D111 /* FBSDKCoreKit.framework */; };
		564864B21B8CAD7C00F5D111 /* FBSDKLoginKit.framework in Frameworks */ = {isa = PBXBuildFile; fileRef = 564864AF1B8CAD7C00F5D111 /* FBSDKLoginKit.framework */; };
		5657C9331B8B97C100A09BF0 /* FBSDKCoreKit.framework in Frameworks */ = {isa = PBXBuildFile; fileRef = 5657C9321B8B97C100A09BF0 /* FBSDKCoreKit.framework */; };
		5657C9371B8B9A2200A09BF0 /* Bolts.framework in Frameworks */ = {isa = PBXBuildFile; fileRef = 5657C9351B8B9A2200A09BF0 /* Bolts.framework */; };
		5657C9381B8B9A2200A09BF0 /* FBSDKLoginKit.framework in Frameworks */ = {isa = PBXBuildFile; fileRef = 5657C9361B8B9A2200A09BF0 /* FBSDKLoginKit.framework */; };
		5657C93A1B8C7BD900A09BF0 /* CoreGraphics.framework in Frameworks */ = {isa = PBXBuildFile; fileRef = 5657C9391B8C7BD900A09BF0 /* CoreGraphics.framework */; };
		5669F3291B7F4B3400F75D40 /* AppDelegate.swift in Sources */ = {isa = PBXBuildFile; fileRef = 5669F3281B7F4B3400F75D40 /* AppDelegate.swift */; };
		5669F32C1B7F4B3400F75D40 /* On_The_Map.xcdatamodeld in Sources */ = {isa = PBXBuildFile; fileRef = 5669F32A1B7F4B3400F75D40 /* On_The_Map.xcdatamodeld */; };
		5669F3311B7F4B3400F75D40 /* Main.storyboard in Resources */ = {isa = PBXBuildFile; fileRef = 5669F32F1B7F4B3400F75D40 /* Main.storyboard */; };
		5669F3331B7F4B3400F75D40 /* Images.xcassets in Resources */ = {isa = PBXBuildFile; fileRef = 5669F3321B7F4B3400F75D40 /* Images.xcassets */; };
		5669F3361B7F4B3400F75D40 /* LaunchScreen.xib in Resources */ = {isa = PBXBuildFile; fileRef = 5669F3341B7F4B3400F75D40 /* LaunchScreen.xib */; };
		5669F3421B7F4B3400F75D40 /* On_The_MapTests.swift in Sources */ = {isa = PBXBuildFile; fileRef = 5669F3411B7F4B3400F75D40 /* On_The_MapTests.swift */; };
		5669F34D1B7F4FF200F75D40 /* LoginViewController.swift in Sources */ = {isa = PBXBuildFile; fileRef = 5669F34C1B7F4FF200F75D40 /* LoginViewController.swift */; };
		5669F34F1B7F50AA00F75D40 /* OnTheMapViewController.swift in Sources */ = {isa = PBXBuildFile; fileRef = 5669F34E1B7F50AA00F75D40 /* OnTheMapViewController.swift */; };
		5669F3511B7F530000F75D40 /* PeopleListViewController.swift in Sources */ = {isa = PBXBuildFile; fileRef = 5669F3501B7F530000F75D40 /* PeopleListViewController.swift */; };
		5669F3531B7F55A000F75D40 /* TabBarViewController.swift in Sources */ = {isa = PBXBuildFile; fileRef = 5669F3521B7F55A000F75D40 /* TabBarViewController.swift */; };
		567F7E3B1B887ADE0004D7BA /* ApiKey.plist in Resources */ = {isa = PBXBuildFile; fileRef = 567F7E3A1B887ADE0004D7BA /* ApiKey.plist */; };
		567F7E3D1B8894A90004D7BA /* BaseViewController.swift in Sources */ = {isa = PBXBuildFile; fileRef = 567F7E3C1B8894A90004D7BA /* BaseViewController.swift */; };
		567F7E401B88C4B40004D7BA /* LocationAnnotation.swift in Sources */ = {isa = PBXBuildFile; fileRef = 567F7E3F1B88C4B40004D7BA /* LocationAnnotation.swift */; };
		567F7E421B88CBA80004D7BA /* MapKit.framework in Frameworks */ = {isa = PBXBuildFile; fileRef = 567F7E411B88CBA80004D7BA /* MapKit.framework */; };
		567F7E471B8934AF0004D7BA /* AddLocationViewController.swift in Sources */ = {isa = PBXBuildFile; fileRef = 567F7E461B8934AF0004D7BA /* AddLocationViewController.swift */; };
		567F7E491B8939DA0004D7BA /* LocationFinderViewController.swift in Sources */ = {isa = PBXBuildFile; fileRef = 567F7E481B8939DA0004D7BA /* LocationFinderViewController.swift */; };
		56A5FB701B89F03100A3D30C /* Roboto-Medium.ttf in Resources */ = {isa = PBXBuildFile; fileRef = 567F7E431B89321E0004D7BA /* Roboto-Medium.ttf */; };
		56A5FB711B89F03100A3D30C /* Roboto-Regular.ttf in Resources */ = {isa = PBXBuildFile; fileRef = 567F7E441B8932240004D7BA /* Roboto-Regular.ttf */; };
		56A5FB721B89F03100A3D30C /* Roboto-Thin.ttf in Resources */ = {isa = PBXBuildFile; fileRef = 567F7E451B89322B0004D7BA /* Roboto-Thin.ttf */; };
		56A5FB741B8B0B9B00A3D30C /* ApiClient.swift in Sources */ = {isa = PBXBuildFile; fileRef = 56A5FB731B8B0B9B00A3D30C /* ApiClient.swift */; };
		56A5FB761B8B189F00A3D30C /* StudentInformation.swift in Sources */ = {isa = PBXBuildFile; fileRef = 56A5FB751B8B189F00A3D30C /* StudentInformation.swift */; };
		56A5FB781B8B245B00A3D30C /* StudentBio.swift in Sources */ = {isa = PBXBuildFile; fileRef = 56A5FB771B8B245B00A3D30C /* StudentBio.swift */; };
		E656D255B51042615DCA843A /* Pods.framework in Frameworks */ = {isa = PBXBuildFile; fileRef = 0AB3F3C2324CD2E1FD3EB116 /* Pods.framework */; settings = {ATTRIBUTES = (Weak, ); }; };
/* End PBXBuildFile section */

/* Begin PBXContainerItemProxy section */
		5669F33C1B7F4B3400F75D40 /* PBXContainerItemProxy */ = {
			isa = PBXContainerItemProxy;
			containerPortal = 5669F31B1B7F4B3400F75D40 /* Project object */;
			proxyType = 1;
			remoteGlobalIDString = 5669F3221B7F4B3400F75D40;
			remoteInfo = "On The Map";
		};
/* End PBXContainerItemProxy section */

/* Begin PBXFileReference section */
		0AB3F3C2324CD2E1FD3EB116 /* Pods.framework */ = {isa = PBXFileReference; explicitFileType = wrapper.framework; includeInIndex = 0; path = Pods.framework; sourceTree = BUILT_PRODUCTS_DIR; };
		564864AD1B8CAD7C00F5D111 /* Bolts.framework */ = {isa = PBXFileReference; lastKnownFileType = wrapper.framework; path = Bolts.framework; sourceTree = "<group>"; };
		564864AE1B8CAD7C00F5D111 /* FBSDKCoreKit.framework */ = {isa = PBXFileReference; lastKnownFileType = wrapper.framework; path = FBSDKCoreKit.framework; sourceTree = "<group>"; };
		564864AF1B8CAD7C00F5D111 /* FBSDKLoginKit.framework */ = {isa = PBXFileReference; lastKnownFileType = wrapper.framework; path = FBSDKLoginKit.framework; sourceTree = "<group>"; };
		5657C9321B8B97C100A09BF0 /* FBSDKCoreKit.framework */ = {isa = PBXFileReference; lastKnownFileType = wrapper.framework; path = FBSDKCoreKit.framework; sourceTree = "<group>"; };
		5657C9341B8B994100A09BF0 /* Bridging-Header.h */ = {isa = PBXFileReference; lastKnownFileType = sourcecode.c.h; name = "Bridging-Header.h"; path = "On The Map/Bridging-Header.h"; sourceTree = "<group>"; };
		5657C9351B8B9A2200A09BF0 /* Bolts.framework */ = {isa = PBXFileReference; lastKnownFileType = wrapper.framework; path = Bolts.framework; sourceTree = "<group>"; };
		5657C9361B8B9A2200A09BF0 /* FBSDKLoginKit.framework */ = {isa = PBXFileReference; lastKnownFileType = wrapper.framework; path = FBSDKLoginKit.framework; sourceTree = "<group>"; };
		5657C9391B8C7BD900A09BF0 /* CoreGraphics.framework */ = {isa = PBXFileReference; lastKnownFileType = wrapper.framework; name = CoreGraphics.framework; path = System/Library/Frameworks/CoreGraphics.framework; sourceTree = SDKROOT; };
		5669F3231B7F4B3400F75D40 /* On The Map.app */ = {isa = PBXFileReference; explicitFileType = wrapper.application; includeInIndex = 0; path = "On The Map.app"; sourceTree = BUILT_PRODUCTS_DIR; };
		5669F3271B7F4B3400F75D40 /* Info.plist */ = {isa = PBXFileReference; lastKnownFileType = text.plist.xml; path = Info.plist; sourceTree = "<group>"; };
		5669F3281B7F4B3400F75D40 /* AppDelegate.swift */ = {isa = PBXFileReference; lastKnownFileType = sourcecode.swift; path = AppDelegate.swift; sourceTree = "<group>"; };
		5669F32B1B7F4B3400F75D40 /* On_The_Map.xcdatamodel */ = {isa = PBXFileReference; lastKnownFileType = wrapper.xcdatamodel; path = On_The_Map.xcdatamodel; sourceTree = "<group>"; };
		5669F3301B7F4B3400F75D40 /* Base */ = {isa = PBXFileReference; lastKnownFileType = file.storyboard; name = Base; path = Base.lproj/Main.storyboard; sourceTree = "<group>"; };
		5669F3321B7F4B3400F75D40 /* Images.xcassets */ = {isa = PBXFileReference; lastKnownFileType = folder.assetcatalog; path = Images.xcassets; sourceTree = "<group>"; };
		5669F3351B7F4B3400F75D40 /* Base */ = {isa = PBXFileReference; lastKnownFileType = file.xib; name = Base; path = Base.lproj/LaunchScreen.xib; sourceTree = "<group>"; };
		5669F33B1B7F4B3400F75D40 /* On The MapTests.xctest */ = {isa = PBXFileReference; explicitFileType = wrapper.cfbundle; includeInIndex = 0; path = "On The MapTests.xctest"; sourceTree = BUILT_PRODUCTS_DIR; };
		5669F3401B7F4B3400F75D40 /* Info.plist */ = {isa = PBXFileReference; lastKnownFileType = text.plist.xml; path = Info.plist; sourceTree = "<group>"; };
		5669F3411B7F4B3400F75D40 /* On_The_MapTests.swift */ = {isa = PBXFileReference; lastKnownFileType = sourcecode.swift; path = On_The_MapTests.swift; sourceTree = "<group>"; };
		5669F34C1B7F4FF200F75D40 /* LoginViewController.swift */ = {isa = PBXFileReference; fileEncoding = 4; lastKnownFileType = sourcecode.swift; name = LoginViewController.swift; path = ViewController/LoginViewController.swift; sourceTree = "<group>"; };
		5669F34E1B7F50AA00F75D40 /* OnTheMapViewController.swift */ = {isa = PBXFileReference; fileEncoding = 4; lastKnownFileType = sourcecode.swift; name = OnTheMapViewController.swift; path = ViewController/OnTheMapViewController.swift; sourceTree = "<group>"; };
		5669F3501B7F530000F75D40 /* PeopleListViewController.swift */ = {isa = PBXFileReference; fileEncoding = 4; lastKnownFileType = sourcecode.swift; name = PeopleListViewController.swift; path = ViewController/PeopleListViewController.swift; sourceTree = "<group>"; };
		5669F3521B7F55A000F75D40 /* TabBarViewController.swift */ = {isa = PBXFileReference; fileEncoding = 4; lastKnownFileType = sourcecode.swift; name = TabBarViewController.swift; path = ViewController/TabBarViewController.swift; sourceTree = "<group>"; };
		567F7E3A1B887ADE0004D7BA /* ApiKey.plist */ = {isa = PBXFileReference; fileEncoding = 4; lastKnownFileType = text.plist.xml; path = ApiKey.plist; sourceTree = "<group>"; };
		567F7E3C1B8894A90004D7BA /* BaseViewController.swift */ = {isa = PBXFileReference; fileEncoding = 4; lastKnownFileType = sourcecode.swift; name = BaseViewController.swift; path = ViewController/BaseViewController.swift; sourceTree = "<group>"; };
		567F7E3F1B88C4B40004D7BA /* LocationAnnotation.swift */ = {isa = PBXFileReference; fileEncoding = 4; lastKnownFileType = sourcecode.swift; name = LocationAnnotation.swift; path = Model/LocationAnnotation.swift; sourceTree = "<group>"; };
		567F7E411B88CBA80004D7BA /* MapKit.framework */ = {isa = PBXFileReference; lastKnownFileType = wrapper.framework; name = MapKit.framework; path = System/Library/Frameworks/MapKit.framework; sourceTree = SDKROOT; };
		567F7E431B89321E0004D7BA /* Roboto-Medium.ttf */ = {isa = PBXFileReference; lastKnownFileType = file; path = "Roboto-Medium.ttf"; sourceTree = "<group>"; };
		567F7E441B8932240004D7BA /* Roboto-Regular.ttf */ = {isa = PBXFileReference; lastKnownFileType = file; path = "Roboto-Regular.ttf"; sourceTree = "<group>"; };
		567F7E451B89322B0004D7BA /* Roboto-Thin.ttf */ = {isa = PBXFileReference; lastKnownFileType = file; path = "Roboto-Thin.ttf"; sourceTree = "<group>"; };
		567F7E461B8934AF0004D7BA /* AddLocationViewController.swift */ = {isa = PBXFileReference; fileEncoding = 4; lastKnownFileType = sourcecode.swift; name = AddLocationViewController.swift; path = ViewController/AddLocationViewController.swift; sourceTree = "<group>"; };
		567F7E481B8939DA0004D7BA /* LocationFinderViewController.swift */ = {isa = PBXFileReference; fileEncoding = 4; lastKnownFileType = sourcecode.swift; name = LocationFinderViewController.swift; path = ViewController/LocationFinderViewController.swift; sourceTree = "<group>"; };
		56A5FB731B8B0B9B00A3D30C /* ApiClient.swift */ = {isa = PBXFileReference; fileEncoding = 4; lastKnownFileType = sourcecode.swift; name = ApiClient.swift; path = Model/ApiClient.swift; sourceTree = "<group>"; };
		56A5FB751B8B189F00A3D30C /* StudentInformation.swift */ = {isa = PBXFileReference; fileEncoding = 4; lastKnownFileType = sourcecode.swift; name = StudentInformation.swift; path = Model/StudentInformation.swift; sourceTree = "<group>"; };
		56A5FB771B8B245B00A3D30C /* StudentBio.swift */ = {isa = PBXFileReference; fileEncoding = 4; lastKnownFileType = sourcecode.swift; name = StudentBio.swift; path = Model/StudentBio.swift; sourceTree = "<group>"; };
		87C8186B62C1E59DBF9C9A76 /* Pods.debug.xcconfig */ = {isa = PBXFileReference; includeInIndex = 1; lastKnownFileType = text.xcconfig; name = Pods.debug.xcconfig; path = "Pods/Target Support Files/Pods/Pods.debug.xcconfig"; sourceTree = "<group>"; };
		F17C50458E80348F77231127 /* Pods.release.xcconfig */ = {isa = PBXFileReference; includeInIndex = 1; lastKnownFileType = text.xcconfig; name = Pods.release.xcconfig; path = "Pods/Target Support Files/Pods/Pods.release.xcconfig"; sourceTree = "<group>"; };
/* End PBXFileReference section */

/* Begin PBXFrameworksBuildPhase section */
		5669F3201B7F4B3400F75D40 /* Frameworks */ = {
			isa = PBXFrameworksBuildPhase;
			buildActionMask = 2147483647;
			files = (
				5657C93A1B8C7BD900A09BF0 /* CoreGraphics.framework in Frameworks */,
				5657C9371B8B9A2200A09BF0 /* Bolts.framework in Frameworks */,
				564864B21B8CAD7C00F5D111 /* FBSDKLoginKit.framework in Frameworks */,
				567F7E421B88CBA80004D7BA /* MapKit.framework in Frameworks */,
				5657C9381B8B9A2200A09BF0 /* FBSDKLoginKit.framework in Frameworks */,
				5657C9331B8B97C100A09BF0 /* FBSDKCoreKit.framework in Frameworks */,
				564864B11B8CAD7C00F5D111 /* FBSDKCoreKit.framework in Frameworks */,
				E656D255B51042615DCA843A /* Pods.framework in Frameworks */,
				564864B01B8CAD7C00F5D111 /* Bolts.framework in Frameworks */,
			);
			runOnlyForDeploymentPostprocessing = 0;
		};
		5669F3381B7F4B3400F75D40 /* Frameworks */ = {
			isa = PBXFrameworksBuildPhase;
			buildActionMask = 2147483647;
			files = (
			);
			runOnlyForDeploymentPostprocessing = 0;
		};
/* End PBXFrameworksBuildPhase section */

/* Begin PBXGroup section */
		110510ACAAE7C15B4885831E /* Frameworks */ = {
			isa = PBXGroup;
			children = (
				564864AD1B8CAD7C00F5D111 /* Bolts.framework */,
				564864AE1B8CAD7C00F5D111 /* FBSDKCoreKit.framework */,
				564864AF1B8CAD7C00F5D111 /* FBSDKLoginKit.framework */,
				0AB3F3C2324CD2E1FD3EB116 /* Pods.framework */,
			);
			name = Frameworks;
			sourceTree = "<group>";
		};
		5657C9311B8B97AF00A09BF0 /* Frameworks */ = {
			isa = PBXGroup;
			children = (
				5657C9391B8C7BD900A09BF0 /* CoreGraphics.framework */,
				567F7E411B88CBA80004D7BA /* MapKit.framework */,
				5657C9351B8B9A2200A09BF0 /* Bolts.framework */,
				5657C9361B8B9A2200A09BF0 /* FBSDKLoginKit.framework */,
				5657C9321B8B97C100A09BF0 /* FBSDKCoreKit.framework */,
			);
			name = Frameworks;
			sourceTree = "<group>";
		};
		5669F31A1B7F4B3400F75D40 = {
			isa = PBXGroup;
			children = (
				5657C9341B8B994100A09BF0 /* Bridging-Header.h */,
				5669F3251B7F4B3400F75D40 /* On The Map */,
				5669F33E1B7F4B3400F75D40 /* On The MapTests */,
				5669F3241B7F4B3400F75D40 /* Products */,
				F09B1870FF2C354EEBF82042 /* Pods */,
				110510ACAAE7C15B4885831E /* Frameworks */,
			);
			sourceTree = "<group>";
		};
		5669F3241B7F4B3400F75D40 /* Products */ = {
			isa = PBXGroup;
			children = (
				5669F3231B7F4B3400F75D40 /* On The Map.app */,
				5669F33B1B7F4B3400F75D40 /* On The MapTests.xctest */,
			);
			name = Products;
			sourceTree = "<group>";
		};
		5669F3251B7F4B3400F75D40 /* On The Map */ = {
			isa = PBXGroup;
			children = (
				5657C9311B8B97AF00A09BF0 /* Frameworks */,
				567F7E3E1B88C4640004D7BA /* Model */,
				5669F34B1B7F4FD100F75D40 /* ViewController */,
				5669F3281B7F4B3400F75D40 /* AppDelegate.swift */,
				5669F32F1B7F4B3400F75D40 /* Main.storyboard */,
				5669F3321B7F4B3400F75D40 /* Images.xcassets */,
				5669F3341B7F4B3400F75D40 /* LaunchScreen.xib */,
				5669F32A1B7F4B3400F75D40 /* On_The_Map.xcdatamodeld */,
				5669F3261B7F4B3400F75D40 /* Supporting Files */,
			);
			path = "On The Map";
			sourceTree = "<group>";
		};
		5669F3261B7F4B3400F75D40 /* Supporting Files */ = {
			isa = PBXGroup;
			children = (
				567F7E431B89321E0004D7BA /* Roboto-Medium.ttf */,
				567F7E441B8932240004D7BA /* Roboto-Regular.ttf */,
				567F7E451B89322B0004D7BA /* Roboto-Thin.ttf */,
				5669F3271B7F4B3400F75D40 /* Info.plist */,
				567F7E3A1B887ADE0004D7BA /* ApiKey.plist */,
			);
			name = "Supporting Files";
			sourceTree = "<group>";
		};
		5669F33E1B7F4B3400F75D40 /* On The MapTests */ = {
			isa = PBXGroup;
			children = (
				5669F3411B7F4B3400F75D40 /* On_The_MapTests.swift */,
				5669F33F1B7F4B3400F75D40 /* Supporting Files */,
			);
			path = "On The MapTests";
			sourceTree = "<group>";
		};
		5669F33F1B7F4B3400F75D40 /* Supporting Files */ = {
			isa = PBXGroup;
			children = (
				5669F3401B7F4B3400F75D40 /* Info.plist */,
			);
			name = "Supporting Files";
			sourceTree = "<group>";
		};
		5669F34B1B7F4FD100F75D40 /* ViewController */ = {
			isa = PBXGroup;
			children = (
				5669F34C1B7F4FF200F75D40 /* LoginViewController.swift */,
				5669F34E1B7F50AA00F75D40 /* OnTheMapViewController.swift */,
				5669F3501B7F530000F75D40 /* PeopleListViewController.swift */,
				5669F3521B7F55A000F75D40 /* TabBarViewController.swift */,
				567F7E3C1B8894A90004D7BA /* BaseViewController.swift */,
				567F7E461B8934AF0004D7BA /* AddLocationViewController.swift */,
				567F7E481B8939DA0004D7BA /* LocationFinderViewController.swift */,
			);
			name = ViewController;
			sourceTree = "<group>";
		};
		567F7E3E1B88C4640004D7BA /* Model */ = {
			isa = PBXGroup;
			children = (
				567F7E3F1B88C4B40004D7BA /* LocationAnnotation.swift */,
				56A5FB731B8B0B9B00A3D30C /* ApiClient.swift */,
				56A5FB751B8B189F00A3D30C /* StudentInformation.swift */,
				56A5FB771B8B245B00A3D30C /* StudentBio.swift */,
			);
			name = Model;
			sourceTree = "<group>";
		};
		F09B1870FF2C354EEBF82042 /* Pods */ = {
			isa = PBXGroup;
			children = (
				87C8186B62C1E59DBF9C9A76 /* Pods.debug.xcconfig */,
				F17C50458E80348F77231127 /* Pods.release.xcconfig */,
			);
			name = Pods;
			sourceTree = "<group>";
		};
/* End PBXGroup section */

/* Begin PBXNativeTarget section */
		5669F3221B7F4B3400F75D40 /* On The Map */ = {
			isa = PBXNativeTarget;
			buildConfigurationList = 5669F3451B7F4B3400F75D40 /* Build configuration list for PBXNativeTarget "On The Map" */;
			buildPhases = (
				7ED4C4BEBBC5ACF2DF6DBDA0 /* Check Pods Manifest.lock */,
				5669F31F1B7F4B3400F75D40 /* Sources */,
				5669F3201B7F4B3400F75D40 /* Frameworks */,
				5669F3211B7F4B3400F75D40 /* Resources */,
				518F138AEDF37D51AB29CC7A /* Embed Pods Frameworks */,
				C80E5283BC7AFF05A1F72825 /* Copy Pods Resources */,
			);
			buildRules = (
			);
			dependencies = (
			);
			name = "On The Map";
			productName = "On The Map";
			productReference = 5669F3231B7F4B3400F75D40 /* On The Map.app */;
			productType = "com.apple.product-type.application";
		};
		5669F33A1B7F4B3400F75D40 /* On The MapTests */ = {
			isa = PBXNativeTarget;
			buildConfigurationList = 5669F3481B7F4B3400F75D40 /* Build configuration list for PBXNativeTarget "On The MapTests" */;
			buildPhases = (
				5669F3371B7F4B3400F75D40 /* Sources */,
				5669F3381B7F4B3400F75D40 /* Frameworks */,
				5669F3391B7F4B3400F75D40 /* Resources */,
			);
			buildRules = (
			);
			dependencies = (
				5669F33D1B7F4B3400F75D40 /* PBXTargetDependency */,
			);
			name = "On The MapTests";
			productName = "On The MapTests";
			productReference = 5669F33B1B7F4B3400F75D40 /* On The MapTests.xctest */;
			productType = "com.apple.product-type.bundle.unit-test";
		};
/* End PBXNativeTarget section */

/* Begin PBXProject section */
		5669F31B1B7F4B3400F75D40 /* Project object */ = {
			isa = PBXProject;
			attributes = {
				LastSwiftMigration = 0720;
				LastSwiftUpdateCheck = 0720;
				LastUpgradeCheck = 0720;
				ORGANIZATIONNAME = "Quintin Balsdon";
				TargetAttributes = {
					5669F3221B7F4B3400F75D40 = {
						CreatedOnToolsVersion = 6.4;
						DevelopmentTeam = GTMDCB3F3C;
					};
					5669F33A1B7F4B3400F75D40 = {
						CreatedOnToolsVersion = 6.4;
						TestTargetID = 5669F3221B7F4B3400F75D40;
					};
				};
			};
			buildConfigurationList = 5669F31E1B7F4B3400F75D40 /* Build configuration list for PBXProject "On The Map" */;
			compatibilityVersion = "Xcode 3.2";
			developmentRegion = English;
			hasScannedForEncodings = 0;
			knownRegions = (
				en,
				Base,
			);
			mainGroup = 5669F31A1B7F4B3400F75D40;
			productRefGroup = 5669F3241B7F4B3400F75D40 /* Products */;
			projectDirPath = "";
			projectRoot = "";
			targets = (
				5669F3221B7F4B3400F75D40 /* On The Map */,
				5669F33A1B7F4B3400F75D40 /* On The MapTests */,
			);
		};
/* End PBXProject section */

/* Begin PBXResourcesBuildPhase section */
		5669F3211B7F4B3400F75D40 /* Resources */ = {
			isa = PBXResourcesBuildPhase;
			buildActionMask = 2147483647;
			files = (
				56A5FB701B89F03100A3D30C /* Roboto-Medium.ttf in Resources */,
				56A5FB711B89F03100A3D30C /* Roboto-Regular.ttf in Resources */,
				56A5FB721B89F03100A3D30C /* Roboto-Thin.ttf in Resources */,
				5669F3311B7F4B3400F75D40 /* Main.storyboard in Resources */,
				567F7E3B1B887ADE0004D7BA /* ApiKey.plist in Resources */,
				5669F3361B7F4B3400F75D40 /* LaunchScreen.xib in Resources */,
				5669F3331B7F4B3400F75D40 /* Images.xcassets in Resources */,
			);
			runOnlyForDeploymentPostprocessing = 0;
		};
		5669F3391B7F4B3400F75D40 /* Resources */ = {
			isa = PBXResourcesBuildPhase;
			buildActionMask = 2147483647;
			files = (
			);
			runOnlyForDeploymentPostprocessing = 0;
		};
/* End PBXResourcesBuildPhase section */

/* Begin PBXShellScriptBuildPhase section */
		518F138AEDF37D51AB29CC7A /* Embed Pods Frameworks */ = {
			isa = PBXShellScriptBuildPhase;
			buildActionMask = 2147483647;
			files = (
			);
			inputPaths = (
			);
			name = "Embed Pods Frameworks";
			outputPaths = (
			);
			runOnlyForDeploymentPostprocessing = 0;
			shellPath = /bin/sh;
			shellScript = "\"${SRCROOT}/Pods/Target Support Files/Pods/Pods-frameworks.sh\"\n";
			showEnvVarsInLog = 0;
		};
		7ED4C4BEBBC5ACF2DF6DBDA0 /* Check Pods Manifest.lock */ = {
			isa = PBXShellScriptBuildPhase;
			buildActionMask = 2147483647;
			files = (
			);
			inputPaths = (
			);
			name = "Check Pods Manifest.lock";
			outputPaths = (
			);
			runOnlyForDeploymentPostprocessing = 0;
			shellPath = /bin/sh;
			shellScript = "diff \"${PODS_ROOT}/../Podfile.lock\" \"${PODS_ROOT}/Manifest.lock\" > /dev/null\nif [[ $? != 0 ]] ; then\n    cat << EOM\nerror: The sandbox is not in sync with the Podfile.lock. Run 'pod install' or update your CocoaPods installation.\nEOM\n    exit 1\nfi\n";
			showEnvVarsInLog = 0;
		};
		C80E5283BC7AFF05A1F72825 /* Copy Pods Resources */ = {
			isa = PBXShellScriptBuildPhase;
			buildActionMask = 2147483647;
			files = (
			);
			inputPaths = (
			);
			name = "Copy Pods Resources";
			outputPaths = (
			);
			runOnlyForDeploymentPostprocessing = 0;
			shellPath = /bin/sh;
			shellScript = "\"${SRCROOT}/Pods/Target Support Files/Pods/Pods-resources.sh\"\n";
			showEnvVarsInLog = 0;
		};
/* End PBXShellScriptBuildPhase section */

/* Begin PBXSourcesBuildPhase section */
		5669F31F1B7F4B3400F75D40 /* Sources */ = {
			isa = PBXSourcesBuildPhase;
			buildActionMask = 2147483647;
			files = (
				56A5FB761B8B189F00A3D30C /* StudentInformation.swift in Sources */,
				567F7E491B8939DA0004D7BA /* LocationFinderViewController.swift in Sources */,
				5669F3511B7F530000F75D40 /* PeopleListViewController.swift in Sources */,
				5669F34D1B7F4FF200F75D40 /* LoginViewController.swift in Sources */,
				5669F3291B7F4B3400F75D40 /* AppDelegate.swift in Sources */,
				567F7E401B88C4B40004D7BA /* LocationAnnotation.swift in Sources */,
				5669F34F1B7F50AA00F75D40 /* OnTheMapViewController.swift in Sources */,
				56A5FB781B8B245B00A3D30C /* StudentBio.swift in Sources */,
				567F7E3D1B8894A90004D7BA /* BaseViewController.swift in Sources */,
				567F7E471B8934AF0004D7BA /* AddLocationViewController.swift in Sources */,
				5669F3531B7F55A000F75D40 /* TabBarViewController.swift in Sources */,
				5669F32C1B7F4B3400F75D40 /* On_The_Map.xcdatamodeld in Sources */,
				56A5FB741B8B0B9B00A3D30C /* ApiClient.swift in Sources */,
			);
			runOnlyForDeploymentPostprocessing = 0;
		};
		5669F3371B7F4B3400F75D40 /* Sources */ = {
			isa = PBXSourcesBuildPhase;
			buildActionMask = 2147483647;
			files = (
				5669F3421B7F4B3400F75D40 /* On_The_MapTests.swift in Sources */,
			);
			runOnlyForDeploymentPostprocessing = 0;
		};
/* End PBXSourcesBuildPhase section */

/* Begin PBXTargetDependency section */
		5669F33D1B7F4B3400F75D40 /* PBXTargetDependency */ = {
			isa = PBXTargetDependency;
			target = 5669F3221B7F4B3400F75D40 /* On The Map */;
			targetProxy = 5669F33C1B7F4B3400F75D40 /* PBXContainerItemProxy */;
		};
/* End PBXTargetDependency section */

/* Begin PBXVariantGroup section */
		5669F32F1B7F4B3400F75D40 /* Main.storyboard */ = {
			isa = PBXVariantGroup;
			children = (
				5669F3301B7F4B3400F75D40 /* Base */,
			);
			name = Main.storyboard;
			sourceTree = "<group>";
		};
		5669F3341B7F4B3400F75D40 /* LaunchScreen.xib */ = {
			isa = PBXVariantGroup;
			children = (
				5669F3351B7F4B3400F75D40 /* Base */,
			);
			name = LaunchScreen.xib;
			sourceTree = "<group>";
		};
/* End PBXVariantGroup section */

/* Begin XCBuildConfiguration section */
		5669F3431B7F4B3400F75D40 /* Debug */ = {
			isa = XCBuildConfiguration;
			buildSettings = {
				ALWAYS_SEARCH_USER_PATHS = NO;
				CLANG_CXX_LANGUAGE_STANDARD = "gnu++0x";
				CLANG_CXX_LIBRARY = "libc++";
				CLANG_ENABLE_MODULES = YES;
				CLANG_ENABLE_OBJC_ARC = YES;
				CLANG_WARN_BOOL_CONVERSION = YES;
				CLANG_WARN_CONSTANT_CONVERSION = YES;
				CLANG_WARN_DIRECT_OBJC_ISA_USAGE = YES_ERROR;
				CLANG_WARN_EMPTY_BODY = YES;
				CLANG_WARN_ENUM_CONVERSION = YES;
				CLANG_WARN_INT_CONVERSION = YES;
				CLANG_WARN_OBJC_ROOT_CLASS = YES_ERROR;
				CLANG_WARN_UNREACHABLE_CODE = YES;
				CLANG_WARN__DUPLICATE_METHOD_MATCH = YES;
				"CODE_SIGN_IDENTITY[sdk=iphoneos*]" = "iPhone Developer";
				COPY_PHASE_STRIP = NO;
				DEBUG_INFORMATION_FORMAT = "dwarf-with-dsym";
				ENABLE_STRICT_OBJC_MSGSEND = YES;
				ENABLE_TESTABILITY = YES;
				GCC_C_LANGUAGE_STANDARD = gnu99;
				GCC_DYNAMIC_NO_PIC = NO;
				GCC_NO_COMMON_BLOCKS = YES;
				GCC_OPTIMIZATION_LEVEL = 0;
				GCC_PREPROCESSOR_DEFINITIONS = (
					"DEBUG=1",
					"$(inherited)",
				);
				GCC_SYMBOLS_PRIVATE_EXTERN = NO;
				GCC_WARN_64_TO_32_BIT_CONVERSION = YES;
				GCC_WARN_ABOUT_RETURN_TYPE = YES_ERROR;
				GCC_WARN_UNDECLARED_SELECTOR = YES;
				GCC_WARN_UNINITIALIZED_AUTOS = YES_AGGRESSIVE;
				GCC_WARN_UNUSED_FUNCTION = YES;
				GCC_WARN_UNUSED_VARIABLE = YES;
				IPHONEOS_DEPLOYMENT_TARGET = 8.4;
				MTL_ENABLE_DEBUG_INFO = YES;
				ONLY_ACTIVE_ARCH = YES;
				SDKROOT = iphoneos;
				SWIFT_OPTIMIZATION_LEVEL = "-Onone";
			};
			name = Debug;
		};
		5669F3441B7F4B3400F75D40 /* Release */ = {
			isa = XCBuildConfiguration;
			buildSettings = {
				ALWAYS_SEARCH_USER_PATHS = NO;
				CLANG_CXX_LANGUAGE_STANDARD = "gnu++0x";
				CLANG_CXX_LIBRARY = "libc++";
				CLANG_ENABLE_MODULES = YES;
				CLANG_ENABLE_OBJC_ARC = YES;
				CLANG_WARN_BOOL_CONVERSION = YES;
				CLANG_WARN_CONSTANT_CONVERSION = YES;
				CLANG_WARN_DIRECT_OBJC_ISA_USAGE = YES_ERROR;
				CLANG_WARN_EMPTY_BODY = YES;
				CLANG_WARN_ENUM_CONVERSION = YES;
				CLANG_WARN_INT_CONVERSION = YES;
				CLANG_WARN_OBJC_ROOT_CLASS = YES_ERROR;
				CLANG_WARN_UNREACHABLE_CODE = YES;
				CLANG_WARN__DUPLICATE_METHOD_MATCH = YES;
				"CODE_SIGN_IDENTITY[sdk=iphoneos*]" = "iPhone Developer";
				COPY_PHASE_STRIP = NO;
				DEBUG_INFORMATION_FORMAT = "dwarf-with-dsym";
				ENABLE_NS_ASSERTIONS = NO;
				ENABLE_STRICT_OBJC_MSGSEND = YES;
				GCC_C_LANGUAGE_STANDARD = gnu99;
				GCC_NO_COMMON_BLOCKS = YES;
				GCC_WARN_64_TO_32_BIT_CONVERSION = YES;
				GCC_WARN_ABOUT_RETURN_TYPE = YES_ERROR;
				GCC_WARN_UNDECLARED_SELECTOR = YES;
				GCC_WARN_UNINITIALIZED_AUTOS = YES_AGGRESSIVE;
				GCC_WARN_UNUSED_FUNCTION = YES;
				GCC_WARN_UNUSED_VARIABLE = YES;
				IPHONEOS_DEPLOYMENT_TARGET = 8.4;
				MTL_ENABLE_DEBUG_INFO = NO;
				SDKROOT = iphoneos;
				VALIDATE_PRODUCT = YES;
			};
			name = Release;
		};
		5669F3461B7F4B3400F75D40 /* Debug */ = {
			isa = XCBuildConfiguration;
			baseConfigurationReference = 87C8186B62C1E59DBF9C9A76 /* Pods.debug.xcconfig */;
			buildSettings = {
				ASSETCATALOG_COMPILER_APPICON_NAME = AppIcon;
				CODE_SIGN_IDENTITY = "iPhone Developer";
				FRAMEWORK_SEARCH_PATHS = (
					"$(inherited)",
					"$(PROJECT_DIR)/On",
					The,
					Map,
					"$(PROJECT_DIR)",
				);
				INFOPLIST_FILE = "On The Map/Info.plist";
				LD_RUNPATH_SEARCH_PATHS = "$(inherited) @executable_path/Frameworks";
				PRODUCT_BUNDLE_IDENTIFIER = com.udacity.OnTheMap;
				PRODUCT_NAME = "$(TARGET_NAME)";
				SWIFT_OBJC_BRIDGING_HEADER = "On The Map/Bridging-Header.h";
			};
			name = Debug;
		};
		5669F3471B7F4B3400F75D40 /* Release */ = {
			isa = XCBuildConfiguration;
			baseConfigurationReference = F17C50458E80348F77231127 /* Pods.release.xcconfig */;
			buildSettings = {
				ASSETCATALOG_COMPILER_APPICON_NAME = AppIcon;
				CODE_SIGN_IDENTITY = "iPhone Developer";
				FRAMEWORK_SEARCH_PATHS = (
					"$(inherited)",
					"$(PROJECT_DIR)/On",
					The,
					Map,
					"$(PROJECT_DIR)",
				);
				INFOPLIST_FILE = "On The Map/Info.plist";
				LD_RUNPATH_SEARCH_PATHS = "$(inherited) @executable_path/Frameworks";
				PRODUCT_BUNDLE_IDENTIFIER = com.udacity.OnTheMap;
				PRODUCT_NAME = "$(TARGET_NAME)";
				SWIFT_OBJC_BRIDGING_HEADER = "On The Map/Bridging-Header.h";
			};
			name = Release;
		};
		5669F3491B7F4B3400F75D40 /* Debug */ = {
			isa = XCBuildConfiguration;
			buildSettings = {
				BUNDLE_LOADER = "$(TEST_HOST)";
				FRAMEWORK_SEARCH_PATHS = (
					"$(SDKROOT)/Developer/Library/Frameworks",
					"$(inherited)",
				);
				GCC_PREPROCESSOR_DEFINITIONS = (
					"DEBUG=1",
					"$(inherited)",
				);
				INFOPLIST_FILE = "On The MapTests/Info.plist";
				LD_RUNPATH_SEARCH_PATHS = "$(inherited) @executable_path/Frameworks @loader_path/Frameworks";
				PRODUCT_BUNDLE_IDENTIFIER = "com.balsdon.$(PRODUCT_NAME:rfc1034identifier)";
				PRODUCT_NAME = "$(TARGET_NAME)";
				TEST_HOST = "$(BUILT_PRODUCTS_DIR)/On The Map.app/On The Map";
			};
			name = Debug;
		};
		5669F34A1B7F4B3400F75D40 /* Release */ = {
			isa = XCBuildConfiguration;
			buildSettings = {
				BUNDLE_LOADER = "$(TEST_HOST)";
				FRAMEWORK_SEARCH_PATHS = (
					"$(SDKROOT)/Developer/Library/Frameworks",
					"$(inherited)",
				);
				INFOPLIST_FILE = "On The MapTests/Info.plist";
				LD_RUNPATH_SEARCH_PATHS = "$(inherited) @executable_path/Frameworks @loader_path/Frameworks";
				PRODUCT_BUNDLE_IDENTIFIER = "com.balsdon.$(PRODUCT_NAME:rfc1034identifier)";
				PRODUCT_NAME = "$(TARGET_NAME)";
				TEST_HOST = "$(BUILT_PRODUCTS_DIR)/On The Map.app/On The Map";
			};
			name = Release;
		};
/* End XCBuildConfiguration section */

/* Begin XCConfigurationList section */
		5669F31E1B7F4B3400F75D40 /* Build configuration list for PBXProject "On The Map" */ = {
			isa = XCConfigurationList;
			buildConfigurations = (
				5669F3431B7F4B3400F75D40 /* Debug */,
				5669F3441B7F4B3400F75D40 /* Release */,
			);
			defaultConfigurationIsVisible = 0;
			defaultConfigurationName = Release;
		};
		5669F3451B7F4B3400F75D40 /* Build configuration list for PBXNativeTarget "On The Map" */ = {
			isa = XCConfigurationList;
			buildConfigurations = (
				5669F3461B7F4B3400F75D40 /* Debug */,
				5669F3471B7F4B3400F75D40 /* Release */,
			);
			defaultConfigurationIsVisible = 0;
			defaultConfigurationName = Release;
		};
		5669F3481B7F4B3400F75D40 /* Build configuration list for PBXNativeTarget "On The MapTests" */ = {
			isa = XCConfigurationList;
			buildConfigurations = (
				5669F3491B7F4B3400F75D40 /* Debug */,
				5669F34A1B7F4B3400F75D40 /* Release */,
			);
			defaultConfigurationIsVisible = 0;
			defaultConfigurationName = Release;
		};
/* End XCConfigurationList section */

/* Begin XCVersionGroup section */
		5669F32A1B7F4B3400F75D40 /* On_The_Map.xcdatamodeld */ = {
			isa = XCVersionGroup;
			children = (
				5669F32B1B7F4B3400F75D40 /* On_The_Map.xcdatamodel */,
			);
			currentVersion = 5669F32B1B7F4B3400F75D40 /* On_The_Map.xcdatamodel */;
			path = On_The_Map.xcdatamodeld;
			sourceTree = "<group>";
			versionGroupType = wrapper.xcdatamodel;
		};
/* End XCVersionGroup section */
	};
	rootObject = 5669F31B1B7F4B3400F75D40 /* Project object */;
}
